
Microsoft Visual Studio Solution File, Format Version 12.00
# Visual Studio Version 16
VisualStudioVersion = 16.0.29424.173
MinimumVisualStudioVersion = 10.0.40219.1
Project("{FAE04EC0-301F-11D3-BF4B-00C04F79EFBC}") = "Lab4_5", "Lab4_5\Lab4_5.csproj", "{8BA1B4C5-28C9-46CB-B2EB-86DDF480A102}"
EndProject
Global
	GlobalSection(SolutionConfigurationPlatforms) = preSolution
		Debug|Any CPU = Debug|Any CPU
		Release|Any CPU = Release|Any CPU
	EndGlobalSection
	GlobalSection(ProjectConfigurationPlatforms) = postSolution
		{8BA1B4C5-28C9-46CB-B2EB-86DDF480A102}.Debug|Any CPU.ActiveCfg = Debug|Any CPU
		{8BA1B4C5-28C9-46CB-B2EB-86DDF480A102}.Debug|Any CPU.Build.0 = Debug|Any CPU
		{8BA1B4C5-28C9-46CB-B2EB-86DDF480A102}.Release|Any CPU.ActiveCfg = Release|Any CPU
		{8BA1B4C5-28C9-46CB-B2EB-86DDF480A102}.Release|Any CPU.Build.0 = Release|Any CPU
	EndGlobalSection
	GlobalSection(SolutionProperties) = preSolution
		HideSolutionNode = FALSE
	EndGlobalSection
	GlobalSection(ExtensibilityGlobals) = postSolution
		SolutionGuid = {68F17970-7F21-40CC-A8AF-4A5AC0CFD10A}
	EndGlobalSection
EndGlobal
