
Microsoft Visual Studio Solution File, Format Version 12.00
# Visual Studio Version 16
VisualStudioVersion = 16.0.29318.209
MinimumVisualStudioVersion = 10.0.40219.1
Project("{FAE04EC0-301F-11D3-BF4B-00C04F79EFBC}") = "Lab2_6", "Lab2_6\Lab2_6.csproj", "{145303C4-749C-41DE-90DE-26B318E50941}"
EndProject
Global
	GlobalSection(SolutionConfigurationPlatforms) = preSolution
		Debug|Any CPU = Debug|Any CPU
		Release|Any CPU = Release|Any CPU
	EndGlobalSection
	GlobalSection(ProjectConfigurationPlatforms) = postSolution
		{145303C4-749C-41DE-90DE-26B318E50941}.Debug|Any CPU.ActiveCfg = Debug|Any CPU
		{145303C4-749C-41DE-90DE-26B318E50941}.Debug|Any CPU.Build.0 = Debug|Any CPU
		{145303C4-749C-41DE-90DE-26B318E50941}.Release|Any CPU.ActiveCfg = Release|Any CPU
		{145303C4-749C-41DE-90DE-26B318E50941}.Release|Any CPU.Build.0 = Release|Any CPU
	EndGlobalSection
	GlobalSection(SolutionProperties) = preSolution
		HideSolutionNode = FALSE
	EndGlobalSection
	GlobalSection(ExtensibilityGlobals) = postSolution
		SolutionGuid = {F5D4404D-9727-4DD2-ADE1-8E01388B7AB4}
	EndGlobalSection
EndGlobal
