
Microsoft Visual Studio Solution File, Format Version 12.00
# Visual Studio Version 16
VisualStudioVersion = 16.0.29318.209
MinimumVisualStudioVersion = 10.0.40219.1
Project("{FAE04EC0-301F-11D3-BF4B-00C04F79EFBC}") = "Lab3_6", "Lab3_6\Lab3_6.csproj", "{2B9499BE-6FC9-4E98-AD31-FE79BCE7C585}"
EndProject
Global
	GlobalSection(SolutionConfigurationPlatforms) = preSolution
		Debug|Any CPU = Debug|Any CPU
		Release|Any CPU = Release|Any CPU
	EndGlobalSection
	GlobalSection(ProjectConfigurationPlatforms) = postSolution
		{2B9499BE-6FC9-4E98-AD31-FE79BCE7C585}.Debug|Any CPU.ActiveCfg = Debug|Any CPU
		{2B9499BE-6FC9-4E98-AD31-FE79BCE7C585}.Debug|Any CPU.Build.0 = Debug|Any CPU
		{2B9499BE-6FC9-4E98-AD31-FE79BCE7C585}.Release|Any CPU.ActiveCfg = Release|Any CPU
		{2B9499BE-6FC9-4E98-AD31-FE79BCE7C585}.Release|Any CPU.Build.0 = Release|Any CPU
	EndGlobalSection
	GlobalSection(SolutionProperties) = preSolution
		HideSolutionNode = FALSE
	EndGlobalSection
	GlobalSection(ExtensibilityGlobals) = postSolution
		SolutionGuid = {0A3E0BD3-05DD-41EF-B470-50D7131401B0}
	EndGlobalSection
EndGlobal
