
Microsoft Visual Studio Solution File, Format Version 12.00
# Visual Studio Version 16
VisualStudioVersion = 16.0.29318.209
MinimumVisualStudioVersion = 10.0.40219.1
Project("{FAE04EC0-301F-11D3-BF4B-00C04F79EFBC}") = "Lab2_5", "Lab2_5\Lab2_5.csproj", "{78FCC830-A255-4B2D-9607-4265FC988C89}"
EndProject
Global
	GlobalSection(SolutionConfigurationPlatforms) = preSolution
		Debug|Any CPU = Debug|Any CPU
		Release|Any CPU = Release|Any CPU
	EndGlobalSection
	GlobalSection(ProjectConfigurationPlatforms) = postSolution
		{78FCC830-A255-4B2D-9607-4265FC988C89}.Debug|Any CPU.ActiveCfg = Debug|Any CPU
		{78FCC830-A255-4B2D-9607-4265FC988C89}.Debug|Any CPU.Build.0 = Debug|Any CPU
		{78FCC830-A255-4B2D-9607-4265FC988C89}.Release|Any CPU.ActiveCfg = Release|Any CPU
		{78FCC830-A255-4B2D-9607-4265FC988C89}.Release|Any CPU.Build.0 = Release|Any CPU
	EndGlobalSection
	GlobalSection(SolutionProperties) = preSolution
		HideSolutionNode = FALSE
	EndGlobalSection
	GlobalSection(ExtensibilityGlobals) = postSolution
		SolutionGuid = {664C1515-1062-4DE9-90DF-5E96FF2AAD3F}
	EndGlobalSection
EndGlobal
