
Microsoft Visual Studio Solution File, Format Version 12.00
# Visual Studio Version 16
VisualStudioVersion = 16.0.29318.209
MinimumVisualStudioVersion = 10.0.40219.1
Project("{FAE04EC0-301F-11D3-BF4B-00C04F79EFBC}") = "Lab3_4", "Lab3_4\Lab3_4.csproj", "{9C8071A0-1D83-4FE2-9B53-F9E0985D1C6F}"
EndProject
Global
	GlobalSection(SolutionConfigurationPlatforms) = preSolution
		Debug|Any CPU = Debug|Any CPU
		Release|Any CPU = Release|Any CPU
	EndGlobalSection
	GlobalSection(ProjectConfigurationPlatforms) = postSolution
		{9C8071A0-1D83-4FE2-9B53-F9E0985D1C6F}.Debug|Any CPU.ActiveCfg = Debug|Any CPU
		{9C8071A0-1D83-4FE2-9B53-F9E0985D1C6F}.Debug|Any CPU.Build.0 = Debug|Any CPU
		{9C8071A0-1D83-4FE2-9B53-F9E0985D1C6F}.Release|Any CPU.ActiveCfg = Release|Any CPU
		{9C8071A0-1D83-4FE2-9B53-F9E0985D1C6F}.Release|Any CPU.Build.0 = Release|Any CPU
	EndGlobalSection
	GlobalSection(SolutionProperties) = preSolution
		HideSolutionNode = FALSE
	EndGlobalSection
	GlobalSection(ExtensibilityGlobals) = postSolution
		SolutionGuid = {7FA9A25F-A12F-4E33-8CD9-3321C7D5D87A}
	EndGlobalSection
EndGlobal
